// !$*UTF8*$!
{
	archiveVersion = 1;
	classes = {
	};
	objectVersion = 56;
	objects = {

/* Begin PBXBuildFile section */
		B4C7CC772940FC2800250EA6 /* shortcuts_toolkitApp.swift in Sources */ = {isa = PBXBuildFile; fileRef = B4C7CC762940FC2800250EA6 /* shortcuts_toolkitApp.swift */; };
		B4C7CC792940FC2800250EA6 /* ContentView.swift in Sources */ = {isa = PBXBuildFile; fileRef = B4C7CC782940FC2800250EA6 /* ContentView.swift */; };
		B4C7CC7B2940FC2C00250EA6 /* Assets.xcassets in Resources */ = {isa = PBXBuildFile; fileRef = B4C7CC7A2940FC2C00250EA6 /* Assets.xcassets */; };
		B4C7CC7F2940FC2C00250EA6 /* Preview Assets.xcassets in Resources */ = {isa = PBXBuildFile; fileRef = B4C7CC7E2940FC2C00250EA6 /* Preview Assets.xcassets */; };
		B4C7CC892940FC2D00250EA6 /* shortcuts_toolkitTests.swift in Sources */ = {isa = PBXBuildFile; fileRef = B4C7CC882940FC2D00250EA6 /* shortcuts_toolkitTests.swift */; };
		B4C7CC932940FC2D00250EA6 /* shortcuts_toolkitUITests.swift in Sources */ = {isa = PBXBuildFile; fileRef = B4C7CC922940FC2D00250EA6 /* shortcuts_toolkitUITests.swift */; };
		B4C7CC952940FC2D00250EA6 /* shortcuts_toolkitUITestsLaunchTests.swift in Sources */ = {isa = PBXBuildFile; fileRef = B4C7CC942940FC2D00250EA6 /* shortcuts_toolkitUITestsLaunchTests.swift */; };
/* End PBXBuildFile section */

/* Begin PBXContainerItemProxy section */
		B4C7CC852940FC2D00250EA6 /* PBXContainerItemProxy */ = {
			isa = PBXContainerItemProxy;
			containerPortal = B4C7CC6B2940FC2800250EA6 /* Project object */;
			proxyType = 1;
			remoteGlobalIDString = B4C7CC722940FC2800250EA6;
			remoteInfo = "shortcuts-toolkit";
		};
		B4C7CC8F2940FC2D00250EA6 /* PBXContainerItemProxy */ = {
			isa = PBXContainerItemProxy;
			containerPortal = B4C7CC6B2940FC2800250EA6 /* Project object */;
			proxyType = 1;
			remoteGlobalIDString = B4C7CC722940FC2800250EA6;
			remoteInfo = "shortcuts-toolkit";
		};
/* End PBXContainerItemProxy section */

/* Begin PBXFileReference section */
		B4C7CC732940FC2800250EA6 /* shortcuts-toolkit.app */ = {isa = PBXFileReference; explicitFileType = wrapper.application; includeInIndex = 0; path = "shortcuts-toolkit.app"; sourceTree = BUILT_PRODUCTS_DIR; };
		B4C7CC762940FC2800250EA6 /* shortcuts_toolkitApp.swift */ = {isa = PBXFileReference; lastKnownFileType = sourcecode.swift; path = shortcuts_toolkitApp.swift; sourceTree = "<group>"; };
		B4C7CC782940FC2800250EA6 /* ContentView.swift */ = {isa = PBXFileReference; lastKnownFileType = sourcecode.swift; path = ContentView.swift; sourceTree = "<group>"; };
		B4C7CC7A2940FC2C00250EA6 /* Assets.xcassets */ = {isa = PBXFileReference; lastKnownFileType = folder.assetcatalog; path = Assets.xcassets; sourceTree = "<group>"; };
		B4C7CC7C2940FC2C00250EA6 /* shortcuts_toolkit.entitlements */ = {isa = PBXFileReference; lastKnownFileType = text.plist.entitlements; path = shortcuts_toolkit.entitlements; sourceTree = "<group>"; };
		B4C7CC7E2940FC2C00250EA6 /* Preview Assets.xcassets */ = {isa = PBXFileReference; lastKnownFileType = folder.assetcatalog; path = "Preview Assets.xcassets"; sourceTree = "<group>"; };
		B4C7CC842940FC2D00250EA6 /* shortcuts-toolkitTests.xctest */ = {isa = PBXFileReference; explicitFileType = wrapper.cfbundle; includeInIndex = 0; path = "shortcuts-toolkitTests.xctest"; sourceTree = BUILT_PRODUCTS_DIR; };
		B4C7CC882940FC2D00250EA6 /* shortcuts_toolkitTests.swift */ = {isa = PBXFileReference; lastKnownFileType = sourcecode.swift; path = shortcuts_toolkitTests.swift; sourceTree = "<group>"; };
		B4C7CC8E2940FC2D00250EA6 /* shortcuts-toolkitUITests.xctest */ = {isa = PBXFileReference; explicitFileType = wrapper.cfbundle; includeInIndex = 0; path = "shortcuts-toolkitUITests.xctest"; sourceTree = BUILT_PRODUCTS_DIR; };
		B4C7CC922940FC2D00250EA6 /* shortcuts_toolkitUITests.swift */ = {isa = PBXFileReference; lastKnownFileType = sourcecode.swift; path = shortcuts_toolkitUITests.swift; sourceTree = "<group>"; };
		B4C7CC942940FC2D00250EA6 /* shortcuts_toolkitUITestsLaunchTests.swift */ = {isa = PBXFileReference; lastKnownFileType = sourcecode.swift; path = shortcuts_toolkitUITestsLaunchTests.swift; sourceTree = "<group>"; };
/* End PBXFileReference section */

/* Begin PBXFrameworksBuildPhase section */
		B4C7CC702940FC2800250EA6 /* Frameworks */ = {
			isa = PBXFrameworksBuildPhase;
			buildActionMask = 2147483647;
			files = (
			);
			runOnlyForDeploymentPostprocessing = 0;
		};
		B4C7CC812940FC2D00250EA6 /* Frameworks */ = {
			isa = PBXFrameworksBuildPhase;
			buildActionMask = 2147483647;
			files = (
			);
			runOnlyForDeploymentPostprocessing = 0;
		};
		B4C7CC8B2940FC2D00250EA6 /* Frameworks */ = {
			isa = PBXFrameworksBuildPhase;
			buildActionMask = 2147483647;
			files = (
			);
			runOnlyForDeploymentPostprocessing = 0;
		};
/* End PBXFrameworksBuildPhase section */

/* Begin PBXGroup section */
		B4C7CC6A2940FC2800250EA6 = {
			isa = PBXGroup;
			children = (
				B4C7CC752940FC2800250EA6 /* shortcuts-toolkit */,
				B4C7CC872940FC2D00250EA6 /* shortcuts-toolkitTests */,
				B4C7CC912940FC2D00250EA6 /* shortcuts-toolkitUITests */,
				B4C7CC742940FC2800250EA6 /* Products */,
			);
			sourceTree = "<group>";
		};
		B4C7CC742940FC2800250EA6 /* Products */ = {
			isa = PBXGroup;
			children = (
				B4C7CC732940FC2800250EA6 /* shortcuts-toolkit.app */,
				B4C7CC842940FC2D00250EA6 /* shortcuts-toolkitTests.xctest */,
				B4C7CC8E2940FC2D00250EA6 /* shortcuts-toolkitUITests.xctest */,
			);
			name = Products;
			sourceTree = "<group>";
		};
		B4C7CC752940FC2800250EA6 /* shortcuts-toolkit */ = {
			isa = PBXGroup;
			children = (
				B4C7CC762940FC2800250EA6 /* shortcuts_toolkitApp.swift */,
				B4C7CC782940FC2800250EA6 /* ContentView.swift */,
				B4C7CC7A2940FC2C00250EA6 /* Assets.xcassets */,
				B4C7CC7C2940FC2C00250EA6 /* shortcuts_toolkit.entitlements */,
				B4C7CC7D2940FC2C00250EA6 /* Preview Content */,
			);
			path = "shortcuts-toolkit";
			sourceTree = "<group>";
		};
		B4C7CC7D2940FC2C00250EA6 /* Preview Content */ = {
			isa = PBXGroup;
			children = (
				B4C7CC7E2940FC2C00250EA6 /* Preview Assets.xcassets */,
			);
			path = "Preview Content";
			sourceTree = "<group>";
		};
		B4C7CC872940FC2D00250EA6 /* shortcuts-toolkitTests */ = {
			isa = PBXGroup;
			children = (
				B4C7CC882940FC2D00250EA6 /* shortcuts_toolkitTests.swift */,
			);
			path = "shortcuts-toolkitTests";
			sourceTree = "<group>";
		};
		B4C7CC912940FC2D00250EA6 /* shortcuts-toolkitUITests */ = {
			isa = PBXGroup;
			children = (
				B4C7CC922940FC2D00250EA6 /* shortcuts_toolkitUITests.swift */,
				B4C7CC942940FC2D00250EA6 /* shortcuts_toolkitUITestsLaunchTests.swift */,
			);
			path = "shortcuts-toolkitUITests";
			sourceTree = "<group>";
		};
/* End PBXGroup section */

/* Begin PBXNativeTarget section */
		B4C7CC722940FC2800250EA6 /* shortcuts-toolkit */ = {
			isa = PBXNativeTarget;
			buildConfigurationList = B4C7CC982940FC2D00250EA6 /* Build configuration list for PBXNativeTarget "shortcuts-toolkit" */;
			buildPhases = (
				B4C7CC6F2940FC2800250EA6 /* Sources */,
				B4C7CC702940FC2800250EA6 /* Frameworks */,
				B4C7CC712940FC2800250EA6 /* Resources */,
			);
			buildRules = (
			);
			dependencies = (
			);
			name = "shortcuts-toolkit";
			productName = "shortcuts-toolkit";
			productReference = B4C7CC732940FC2800250EA6 /* shortcuts-toolkit.app */;
			productType = "com.apple.product-type.application";
		};
		B4C7CC832940FC2D00250EA6 /* shortcuts-toolkitTests */ = {
			isa = PBXNativeTarget;
			buildConfigurationList = B4C7CC9B2940FC2D00250EA6 /* Build configuration list for PBXNativeTarget "shortcuts-toolkitTests" */;
			buildPhases = (
				B4C7CC802940FC2D00250EA6 /* Sources */,
				B4C7CC812940FC2D00250EA6 /* Frameworks */,
				B4C7CC822940FC2D00250EA6 /* Resources */,
			);
			buildRules = (
			);
			dependencies = (
				B4C7CC862940FC2D00250EA6 /* PBXTargetDependency */,
			);
			name = "shortcuts-toolkitTests";
			productName = "shortcuts-toolkitTests";
			productReference = B4C7CC842940FC2D00250EA6 /* shortcuts-toolkitTests.xctest */;
			productType = "com.apple.product-type.bundle.unit-test";
		};
		B4C7CC8D2940FC2D00250EA6 /* shortcuts-toolkitUITests */ = {
			isa = PBXNativeTarget;
			buildConfigurationList = B4C7CC9E2940FC2D00250EA6 /* Build configuration list for PBXNativeTarget "shortcuts-toolkitUITests" */;
			buildPhases = (
				B4C7CC8A2940FC2D00250EA6 /* Sources */,
				B4C7CC8B2940FC2D00250EA6 /* Frameworks */,
				B4C7CC8C2940FC2D00250EA6 /* Resources */,
			);
			buildRules = (
			);
			dependencies = (
				B4C7CC902940FC2D00250EA6 /* PBXTargetDependency */,
			);
			name = "shortcuts-toolkitUITests";
			productName = "shortcuts-toolkitUITests";
			productReference = B4C7CC8E2940FC2D00250EA6 /* shortcuts-toolkitUITests.xctest */;
			productType = "com.apple.product-type.bundle.ui-testing";
		};
/* End PBXNativeTarget section */

/* Begin PBXProject section */
		B4C7CC6B2940FC2800250EA6 /* Project object */ = {
			isa = PBXProject;
			attributes = {
				BuildIndependentTargetsInParallel = 1;
				LastSwiftUpdateCheck = 1410;
				LastUpgradeCheck = 1410;
				TargetAttributes = {
					B4C7CC722940FC2800250EA6 = {
						CreatedOnToolsVersion = 14.1;
					};
					B4C7CC832940FC2D00250EA6 = {
						CreatedOnToolsVersion = 14.1;
						TestTargetID = B4C7CC722940FC2800250EA6;
					};
					B4C7CC8D2940FC2D00250EA6 = {
						CreatedOnToolsVersion = 14.1;
						TestTargetID = B4C7CC722940FC2800250EA6;
					};
				};
			};
			buildConfigurationList = B4C7CC6E2940FC2800250EA6 /* Build configuration list for PBXProject "shortcuts-toolkit" */;
			compatibilityVersion = "Xcode 14.0";
			developmentRegion = en;
			hasScannedForEncodings = 0;
			knownRegions = (
				en,
				Base,
			);
			mainGroup = B4C7CC6A2940FC2800250EA6;
			productRefGroup = B4C7CC742940FC2800250EA6 /* Products */;
			projectDirPath = "";
			projectRoot = "";
			targets = (
				B4C7CC722940FC2800250EA6 /* shortcuts-toolkit */,
				B4C7CC832940FC2D00250EA6 /* shortcuts-toolkitTests */,
				B4C7CC8D2940FC2D00250EA6 /* shortcuts-toolkitUITests */,
			);
		};
/* End PBXProject section */

/* Begin PBXResourcesBuildPhase section */
		B4C7CC712940FC2800250EA6 /* Resources */ = {
			isa = PBXResourcesBuildPhase;
			buildActionMask = 2147483647;
			files = (
				B4C7CC7F2940FC2C00250EA6 /* Preview Assets.xcassets in Resources */,
				B4C7CC7B2940FC2C00250EA6 /* Assets.xcassets in Resources */,
			);
			runOnlyForDeploymentPostprocessing = 0;
		};
		B4C7CC822940FC2D00250EA6 /* Resources */ = {
			isa = PBXResourcesBuildPhase;
			buildActionMask = 2147483647;
			files = (
			);
			runOnlyForDeploymentPostprocessing = 0;
		};
		B4C7CC8C2940FC2D00250EA6 /* Resources */ = {
			isa = PBXResourcesBuildPhase;
			buildActionMask = 2147483647;
			files = (
			);
			runOnlyForDeploymentPostprocessing = 0;
		};
/* End PBXResourcesBuildPhase section */

/* Begin PBXSourcesBuildPhase section */
		B4C7CC6F2940FC2800250EA6 /* Sources */ = {
			isa = PBXSourcesBuildPhase;
			buildActionMask = 2147483647;
			files = (
				B4C7CC792940FC2800250EA6 /* ContentView.swift in Sources */,
				B4C7CC772940FC2800250EA6 /* shortcuts_toolkitApp.swift in Sources */,
			);
			runOnlyForDeploymentPostprocessing = 0;
		};
		B4C7CC802940FC2D00250EA6 /* Sources */ = {
			isa = PBXSourcesBuildPhase;
			buildActionMask = 2147483647;
			files = (
				B4C7CC892940FC2D00250EA6 /* shortcuts_toolkitTests.swift in Sources */,
			);
			runOnlyForDeploymentPostprocessing = 0;
		};
		B4C7CC8A2940FC2D00250EA6 /* Sources */ = {
			isa = PBXSourcesBuildPhase;
			buildActionMask = 2147483647;
			files = (
				B4C7CC932940FC2D00250EA6 /* shortcuts_toolkitUITests.swift in Sources */,
				B4C7CC952940FC2D00250EA6 /* shortcuts_toolkitUITestsLaunchTests.swift in Sources */,
			);
			runOnlyForDeploymentPostprocessing = 0;
		};
/* End PBXSourcesBuildPhase section */

/* Begin PBXTargetDependency section */
		B4C7CC862940FC2D00250EA6 /* PBXTargetDependency */ = {
			isa = PBXTargetDependency;
			target = B4C7CC722940FC2800250EA6 /* shortcuts-toolkit */;
			targetProxy = B4C7CC852940FC2D00250EA6 /* PBXContainerItemProxy */;
		};
		B4C7CC902940FC2D00250EA6 /* PBXTargetDependency */ = {
			isa = PBXTargetDependency;
			target = B4C7CC722940FC2800250EA6 /* shortcuts-toolkit */;
			targetProxy = B4C7CC8F2940FC2D00250EA6 /* PBXContainerItemProxy */;
		};
/* End PBXTargetDependency section */

/* Begin XCBuildConfiguration section */
		B4C7CC962940FC2D00250EA6 /* Debug */ = {
			isa = XCBuildConfiguration;
			buildSettings = {
				ALWAYS_SEARCH_USER_PATHS = NO;
				CLANG_ANALYZER_NONNULL = YES;
				CLANG_ANALYZER_NUMBER_OBJECT_CONVERSION = YES_AGGRESSIVE;
				CLANG_CXX_LANGUAGE_STANDARD = "gnu++20";
				CLANG_ENABLE_MODULES = YES;
				CLANG_ENABLE_OBJC_ARC = YES;
				CLANG_ENABLE_OBJC_WEAK = YES;
				CLANG_WARN_BLOCK_CAPTURE_AUTORELEASING = YES;
				CLANG_WARN_BOOL_CONVERSION = YES;
				CLANG_WARN_COMMA = YES;
				CLANG_WARN_CONSTANT_CONVERSION = YES;
				CLANG_WARN_DEPRECATED_OBJC_IMPLEMENTATIONS = YES;
				CLANG_WARN_DIRECT_OBJC_ISA_USAGE = YES_ERROR;
				CLANG_WARN_DOCUMENTATION_COMMENTS = YES;
				CLANG_WARN_EMPTY_BODY = YES;
				CLANG_WARN_ENUM_CONVERSION = YES;
				CLANG_WARN_INFINITE_RECURSION = YES;
				CLANG_WARN_INT_CONVERSION = YES;
				CLANG_WARN_NON_LITERAL_NULL_CONVERSION = YES;
				CLANG_WARN_OBJC_IMPLICIT_RETAIN_SELF = YES;
				CLANG_WARN_OBJC_LITERAL_CONVERSION = YES;
				CLANG_WARN_OBJC_ROOT_CLASS = YES_ERROR;
				CLANG_WARN_QUOTED_INCLUDE_IN_FRAMEWORK_HEADER = YES;
				CLANG_WARN_RANGE_LOOP_ANALYSIS = YES;
				CLANG_WARN_STRICT_PROTOTYPES = YES;
				CLANG_WARN_SUSPICIOUS_MOVE = YES;
				CLANG_WARN_UNGUARDED_AVAILABILITY = YES_AGGRESSIVE;
				CLANG_WARN_UNREACHABLE_CODE = YES;
				CLANG_WARN__DUPLICATE_METHOD_MATCH = YES;
				COPY_PHASE_STRIP = NO;
				DEBUG_INFORMATION_FORMAT = dwarf;
				ENABLE_STRICT_OBJC_MSGSEND = YES;
				ENABLE_TESTABILITY = YES;
				GCC_C_LANGUAGE_STANDARD = gnu11;
				GCC_DYNAMIC_NO_PIC = NO;
				GCC_NO_COMMON_BLOCKS = YES;
				GCC_OPTIMIZATION_LEVEL = 0;
				GCC_PREPROCESSOR_DEFINITIONS = (
					"DEBUG=1",
					"$(inherited)",
				);
				GCC_WARN_64_TO_32_BIT_CONVERSION = YES;
				GCC_WARN_ABOUT_RETURN_TYPE = YES_ERROR;
				GCC_WARN_UNDECLARED_SELECTOR = YES;
				GCC_WARN_UNINITIALIZED_AUTOS = YES_AGGRESSIVE;
				GCC_WARN_UNUSED_FUNCTION = YES;
				GCC_WARN_UNUSED_VARIABLE = YES;
				MTL_ENABLE_DEBUG_INFO = INCLUDE_SOURCE;
				MTL_FAST_MATH = YES;
				ONLY_ACTIVE_ARCH = YES;
				SWIFT_ACTIVE_COMPILATION_CONDITIONS = DEBUG;
				SWIFT_OPTIMIZATION_LEVEL = "-Onone";
			};
			name = Debug;
		};
		B4C7CC972940FC2D00250EA6 /* Release */ = {
			isa = XCBuildConfiguration;
			buildSettings = {
				ALWAYS_SEARCH_USER_PATHS = NO;
				CLANG_ANALYZER_NONNULL = YES;
				CLANG_ANALYZER_NUMBER_OBJECT_CONVERSION = YES_AGGRESSIVE;
				CLANG_CXX_LANGUAGE_STANDARD = "gnu++20";
				CLANG_ENABLE_MODULES = YES;
				CLANG_ENABLE_OBJC_ARC = YES;
				CLANG_ENABLE_OBJC_WEAK = YES;
				CLANG_WARN_BLOCK_CAPTURE_AUTORELEASING = YES;
				CLANG_WARN_BOOL_CONVERSION = YES;
				CLANG_WARN_COMMA = YES;
				CLANG_WARN_CONSTANT_CONVERSION = YES;
				CLANG_WARN_DEPRECATED_OBJC_IMPLEMENTATIONS = YES;
				CLANG_WARN_DIRECT_OBJC_ISA_USAGE = YES_ERROR;
				CLANG_WARN_DOCUMENTATION_COMMENTS = YES;
				CLANG_WARN_EMPTY_BODY = YES;
				CLANG_WARN_ENUM_CONVERSION = YES;
				CLANG_WARN_INFINITE_RECURSION = YES;
				CLANG_WARN_INT_CONVERSION = YES;
				CLANG_WARN_NON_LITERAL_NULL_CONVERSION = YES;
				CLANG_WARN_OBJC_IMPLICIT_RETAIN_SELF = YES;
				CLANG_WARN_OBJC_LITERAL_CONVERSION = YES;
				CLANG_WARN_OBJC_ROOT_CLASS = YES_ERROR;
				CLANG_WARN_QUOTED_INCLUDE_IN_FRAMEWORK_HEADER = YES;
				CLANG_WARN_RANGE_LOOP_ANALYSIS = YES;
				CLANG_WARN_STRICT_PROTOTYPES = YES;
				CLANG_WARN_SUSPICIOUS_MOVE = YES;
				CLANG_WARN_UNGUARDED_AVAILABILITY = YES_AGGRESSIVE;
				CLANG_WARN_UNREACHABLE_CODE = YES;
				CLANG_WARN__DUPLICATE_METHOD_MATCH = YES;
				COPY_PHASE_STRIP = NO;
				DEBUG_INFORMATION_FORMAT = "dwarf-with-dsym";
				ENABLE_NS_ASSERTIONS = NO;
				ENABLE_STRICT_OBJC_MSGSEND = YES;
				GCC_C_LANGUAGE_STANDARD = gnu11;
				GCC_NO_COMMON_BLOCKS = YES;
				GCC_WARN_64_TO_32_BIT_CONVERSION = YES;
				GCC_WARN_ABOUT_RETURN_TYPE = YES_ERROR;
				GCC_WARN_UNDECLARED_SELECTOR = YES;
				GCC_WARN_UNINITIALIZED_AUTOS = YES_AGGRESSIVE;
				GCC_WARN_UNUSED_FUNCTION = YES;
				GCC_WARN_UNUSED_VARIABLE = YES;
				MTL_ENABLE_DEBUG_INFO = NO;
				MTL_FAST_MATH = YES;
				SWIFT_COMPILATION_MODE = wholemodule;
				SWIFT_OPTIMIZATION_LEVEL = "-O";
			};
			name = Release;
		};
		B4C7CC992940FC2D00250EA6 /* Debug */ = {
			isa = XCBuildConfiguration;
			buildSettings = {
				ASSETCATALOG_COMPILER_APPICON_NAME = AppIcon;
				ASSETCATALOG_COMPILER_GLOBAL_ACCENT_COLOR_NAME = AccentColor;
				CODE_SIGN_ENTITLEMENTS = "shortcuts-toolkit/shortcuts_toolkit.entitlements";
				CODE_SIGN_STYLE = Automatic;
				CURRENT_PROJECT_VERSION = 1;
				DEVELOPMENT_ASSET_PATHS = "\"shortcuts-toolkit/Preview Content\"";
				DEVELOPMENT_TEAM = R7GX9454SD;
				ENABLE_HARDENED_RUNTIME = YES;
				ENABLE_PREVIEWS = YES;
				GENERATE_INFOPLIST_FILE = YES;
				"INFOPLIST_KEY_UIApplicationSceneManifest_Generation[sdk=iphoneos*]" = YES;
				"INFOPLIST_KEY_UIApplicationSceneManifest_Generation[sdk=iphonesimulator*]" = YES;
				"INFOPLIST_KEY_UIApplicationSupportsIndirectInputEvents[sdk=iphoneos*]" = YES;
				"INFOPLIST_KEY_UIApplicationSupportsIndirectInputEvents[sdk=iphonesimulator*]" = YES;
				"INFOPLIST_KEY_UILaunchScreen_Generation[sdk=iphoneos*]" = YES;
				"INFOPLIST_KEY_UILaunchScreen_Generation[sdk=iphonesimulator*]" = YES;
				"INFOPLIST_KEY_UIStatusBarStyle[sdk=iphoneos*]" = UIStatusBarStyleDefault;
				"INFOPLIST_KEY_UIStatusBarStyle[sdk=iphonesimulator*]" = UIStatusBarStyleDefault;
				INFOPLIST_KEY_UISupportedInterfaceOrientations_iPad = "UIInterfaceOrientationPortrait UIInterfaceOrientationPortraitUpsideDown UIInterfaceOrientationLandscapeLeft UIInterfaceOrientationLandscapeRight";
				INFOPLIST_KEY_UISupportedInterfaceOrientations_iPhone = "UIInterfaceOrientationPortrait UIInterfaceOrientationLandscapeLeft UIInterfaceOrientationLandscapeRight";
				IPHONEOS_DEPLOYMENT_TARGET = 16.1;
				LD_RUNPATH_SEARCH_PATHS = "@executable_path/Frameworks";
				"LD_RUNPATH_SEARCH_PATHS[sdk=macosx*]" = "@executable_path/../Frameworks";
				MACOSX_DEPLOYMENT_TARGET = 13.0;
				MARKETING_VERSION = 1.0;
				PRODUCT_BUNDLE_IDENTIFIER = "org.zhuravskymax.shortcuts-toolkit";
				PRODUCT_NAME = "$(TARGET_NAME)";
				SDKROOT = auto;
				SUPPORTED_PLATFORMS = "iphoneos iphonesimulator macosx";
				SWIFT_EMIT_LOC_STRINGS = YES;
				SWIFT_VERSION = 5.0;
				TARGETED_DEVICE_FAMILY = "1,2";
			};
			name = Debug;
		};
		B4C7CC9A2940FC2D00250EA6 /* Release */ = {
			isa = XCBuildConfiguration;
			buildSettings = {
				ASSETCATALOG_COMPILER_APPICON_NAME = AppIcon;
				ASSETCATALOG_COMPILER_GLOBAL_ACCENT_COLOR_NAME = AccentColor;
				CODE_SIGN_ENTITLEMENTS = "shortcuts-toolkit/shortcuts_toolkit.entitlements";
				CODE_SIGN_STYLE = Automatic;
				CURRENT_PROJECT_VERSION = 1;
				DEVELOPMENT_ASSET_PATHS = "\"shortcuts-toolkit/Preview Content\"";
				DEVELOPMENT_TEAM = R7GX9454SD;
				ENABLE_HARDENED_RUNTIME = YES;
				ENABLE_PREVIEWS = YES;
				GENERATE_INFOPLIST_FILE = YES;
				"INFOPLIST_KEY_UIApplicationSceneManifest_Generation[sdk=iphoneos*]" = YES;
				"INFOPLIST_KEY_UIApplicationSceneManifest_Generation[sdk=iphonesimulator*]" = YES;
				"INFOPLIST_KEY_UIApplicationSupportsIndirectInputEvents[sdk=iphoneos*]" = YES;
				"INFOPLIST_KEY_UIApplicationSupportsIndirectInputEvents[sdk=iphonesimulator*]" = YES;
				"INFOPLIST_KEY_UILaunchScreen_Generation[sdk=iphoneos*]" = YES;
				"INFOPLIST_KEY_UILaunchScreen_Generation[sdk=iphonesimulator*]" = YES;
				"INFOPLIST_KEY_UIStatusBarStyle[sdk=iphoneos*]" = UIStatusBarStyleDefault;
				"INFOPLIST_KEY_UIStatusBarStyle[sdk=iphonesimulator*]" = UIStatusBarStyleDefault;
				INFOPLIST_KEY_UISupportedInterfaceOrientations_iPad = "UIInterfaceOrientationPortrait UIInterfaceOrientationPortraitUpsideDown UIInterfaceOrientationLandscapeLeft UIInterfaceOrientationLandscapeRight";
				INFOPLIST_KEY_UISupportedInterfaceOrientations_iPhone = "UIInterfaceOrientationPortrait UIInterfaceOrientationLandscapeLeft UIInterfaceOrientationLandscapeRight";
				IPHONEOS_DEPLOYMENT_TARGET = 16.1;
				LD_RUNPATH_SEARCH_PATHS = "@executable_path/Frameworks";
				"LD_RUNPATH_SEARCH_PATHS[sdk=macosx*]" = "@executable_path/../Frameworks";
				MACOSX_DEPLOYMENT_TARGET = 13.0;
				MARKETING_VERSION = 1.0;
				PRODUCT_BUNDLE_IDENTIFIER = "org.zhuravskymax.shortcuts-toolkit";
				PRODUCT_NAME = "$(TARGET_NAME)";
				SDKROOT = auto;
				SUPPORTED_PLATFORMS = "iphoneos iphonesimulator macosx";
				SWIFT_EMIT_LOC_STRINGS = YES;
				SWIFT_VERSION = 5.0;
				TARGETED_DEVICE_FAMILY = "1,2";
			};
			name = Release;
		};
		B4C7CC9C2940FC2D00250EA6 /* Debug */ = {
			isa = XCBuildConfiguration;
			buildSettings = {
				ALWAYS_EMBED_SWIFT_STANDARD_LIBRARIES = YES;
				BUNDLE_LOADER = "$(TEST_HOST)";
				CODE_SIGN_STYLE = Automatic;
				CURRENT_PROJECT_VERSION = 1;
				DEVELOPMENT_TEAM = R7GX9454SD;
				GENERATE_INFOPLIST_FILE = YES;
				IPHONEOS_DEPLOYMENT_TARGET = 16.1;
				MACOSX_DEPLOYMENT_TARGET = 13.0;
				MARKETING_VERSION = 1.0;
				PRODUCT_BUNDLE_IDENTIFIER = "org.zhuravskymax.shortcuts-toolkitTests";
				PRODUCT_NAME = "$(TARGET_NAME)";
				SDKROOT = auto;
				SUPPORTED_PLATFORMS = "iphoneos iphonesimulator macosx";
				SWIFT_EMIT_LOC_STRINGS = NO;
				SWIFT_VERSION = 5.0;
				TARGETED_DEVICE_FAMILY = "1,2";
				TEST_HOST = "$(BUILT_PRODUCTS_DIR)/shortcuts-toolkit.app/$(BUNDLE_EXECUTABLE_FOLDER_PATH)/shortcuts-toolkit";
			};
			name = Debug;
		};
		B4C7CC9D2940FC2D00250EA6 /* Release */ = {
			isa = XCBuildConfiguration;
			buildSettings = {
				ALWAYS_EMBED_SWIFT_STANDARD_LIBRARIES = YES;
				BUNDLE_LOADER = "$(TEST_HOST)";
				CODE_SIGN_STYLE = Automatic;
				CURRENT_PROJECT_VERSION = 1;
				DEVELOPMENT_TEAM = R7GX9454SD;
				GENERATE_INFOPLIST_FILE = YES;
				IPHONEOS_DEPLOYMENT_TARGET = 16.1;
				MACOSX_DEPLOYMENT_TARGET = 13.0;
				MARKETING_VERSION = 1.0;
				PRODUCT_BUNDLE_IDENTIFIER = "org.zhuravskymax.shortcuts-toolkitTests";
				PRODUCT_NAME = "$(TARGET_NAME)";
				SDKROOT = auto;
				SUPPORTED_PLATFORMS = "iphoneos iphonesimulator macosx";
				SWIFT_EMIT_LOC_STRINGS = NO;
				SWIFT_VERSION = 5.0;
				TARGETED_DEVICE_FAMILY = "1,2";
				TEST_HOST = "$(BUILT_PRODUCTS_DIR)/shortcuts-toolkit.app/$(BUNDLE_EXECUTABLE_FOLDER_PATH)/shortcuts-toolkit";
			};
			name = Release;
		};
		B4C7CC9F2940FC2D00250EA6 /* Debug */ = {
			isa = XCBuildConfiguration;
			buildSettings = {
				ALWAYS_EMBED_SWIFT_STANDARD_LIBRARIES = YES;
				CODE_SIGN_STYLE = Automatic;
				CURRENT_PROJECT_VERSION = 1;
				DEVELOPMENT_TEAM = R7GX9454SD;
				GENERATE_INFOPLIST_FILE = YES;
				IPHONEOS_DEPLOYMENT_TARGET = 16.1;
				MACOSX_DEPLOYMENT_TARGET = 13.0;
				MARKETING_VERSION = 1.0;
				PRODUCT_BUNDLE_IDENTIFIER = "org.zhuravskymax.shortcuts-toolkitUITests";
				PRODUCT_NAME = "$(TARGET_NAME)";
				SDKROOT = auto;
				SUPPORTED_PLATFORMS = "iphoneos iphonesimulator macosx";
				SWIFT_EMIT_LOC_STRINGS = NO;
				SWIFT_VERSION = 5.0;
				TARGETED_DEVICE_FAMILY = "1,2";
				TEST_TARGET_NAME = "shortcuts-toolkit";
			};
			name = Debug;
		};
		B4C7CCA02940FC2D00250EA6 /* Release */ = {
			isa = XCBuildConfiguration;
			buildSettings = {
				ALWAYS_EMBED_SWIFT_STANDARD_LIBRARIES = YES;
				CODE_SIGN_STYLE = Automatic;
				CURRENT_PROJECT_VERSION = 1;
				DEVELOPMENT_TEAM = R7GX9454SD;
				GENERATE_INFOPLIST_FILE = YES;
				IPHONEOS_DEPLOYMENT_TARGET = 16.1;
				MACOSX_DEPLOYMENT_TARGET = 13.0;
				MARKETING_VERSION = 1.0;
				PRODUCT_BUNDLE_IDENTIFIER = "org.zhuravskymax.shortcuts-toolkitUITests";
				PRODUCT_NAME = "$(TARGET_NAME)";
				SDKROOT = auto;
				SUPPORTED_PLATFORMS = "iphoneos iphonesimulator macosx";
				SWIFT_EMIT_LOC_STRINGS = NO;
				SWIFT_VERSION = 5.0;
				TARGETED_DEVICE_FAMILY = "1,2";
				TEST_TARGET_NAME = "shortcuts-toolkit";
			};
			name = Release;
		};
/* End XCBuildConfiguration section */

/* Begin XCConfigurationList section */
		B4C7CC6E2940FC2800250EA6 /* Build configuration list for PBXProject "shortcuts-toolkit" */ = {
			isa = XCConfigurationList;
			buildConfigurations = (
				B4C7CC962940FC2D00250EA6 /* Debug */,
				B4C7CC972940FC2D00250EA6 /* Release */,
			);
			defaultConfigurationIsVisible = 0;
			defaultConfigurationName = Release;
		};
		B4C7CC982940FC2D00250EA6 /* Build configuration list for PBXNativeTarget "shortcuts-toolkit" */ = {
			isa = XCConfigurationList;
			buildConfigurations = (
				B4C7CC992940FC2D00250EA6 /* Debug */,
				B4C7CC9A2940FC2D00250EA6 /* Release */,
			);
			defaultConfigurationIsVisible = 0;
			defaultConfigurationName = Release;
		};
		B4C7CC9B2940FC2D00250EA6 /* Build configuration list for PBXNativeTarget "shortcuts-toolkitTests" */ = {
			isa = XCConfigurationList;
			buildConfigurations = (
				B4C7CC9C2940FC2D00250EA6 /* Debug */,
				B4C7CC9D2940FC2D00250EA6 /* Release */,
			);
			defaultConfigurationIsVisible = 0;
			defaultConfigurationName = Release;
		};
		B4C7CC9E2940FC2D00250EA6 /* Build configuration list for PBXNativeTarget "shortcuts-toolkitUITests" */ = {
			isa = XCConfigurationList;
			buildConfigurations = (
				B4C7CC9F2940FC2D00250EA6 /* Debug */,
				B4C7CCA02940FC2D00250EA6 /* Release */,
			);
			defaultConfigurationIsVisible = 0;
			defaultConfigurationName = Release;
		};
/* End XCConfigurationList section */
	};
	rootObject = B4C7CC6B2940FC2800250EA6 /* Project object */;
}
